
Microsoft Visual Studio Solution File, Format Version 12.00
Project("{FAE04EC0-301F-11D3-BF4B-00C04F79EFBC}") = "SchoolHRAdministration", "SchoolHRAdministration\SchoolHRAdministration.csproj", "{D77F661F-FF91-44CA-800E-45D2DAEBB6A6}"
EndProject
Project("{FAE04EC0-301F-11D3-BF4B-00C04F79EFBC}") = "HRAdministrationAPI", "HRAdministrationAPI\HRAdministrationAPI.csproj", "{230F963E-A0EA-41AA-B213-8A06EBC895D8}"
EndProject
Global
	GlobalSection(SolutionConfigurationPlatforms) = preSolution
		Debug|Any CPU = Debug|Any CPU
		Release|Any CPU = Release|Any CPU
	EndGlobalSection
	GlobalSection(ProjectConfigurationPlatforms) = postSolution
		{D77F661F-FF91-44CA-800E-45D2DAEBB6A6}.Debug|Any CPU.ActiveCfg = Debug|Any CPU
		{D77F661F-FF91-44CA-800E-45D2DAEBB6A6}.Debug|Any CPU.Build.0 = Debug|Any CPU
		{D77F661F-FF91-44CA-800E-45D2DAEBB6A6}.Release|Any CPU.ActiveCfg = Release|Any CPU
		{D77F661F-FF91-44CA-800E-45D2DAEBB6A6}.Release|Any CPU.Build.0 = Release|Any CPU
		{230F963E-A0EA-41AA-B213-8A06EBC895D8}.Debug|Any CPU.ActiveCfg = Debug|Any CPU
		{230F963E-A0EA-41AA-B213-8A06EBC895D8}.Debug|Any CPU.Build.0 = Debug|Any CPU
		{230F963E-A0EA-41AA-B213-8A06EBC895D8}.Release|Any CPU.ActiveCfg = Release|Any CPU
		{230F963E-A0EA-41AA-B213-8A06EBC895D8}.Release|Any CPU.Build.0 = Release|Any CPU
	EndGlobalSection
EndGlobal
